
Microsoft Visual Studio Solution File, Format Version 12.00
# Visual Studio Version 16
VisualStudioVersion = 16.0.30002.166
MinimumVisualStudioVersion = 10.0.40219.1
Project("{FAE04EC0-301F-11D3-BF4B-00C04F79EFBC}") = "BankOfSimba", "BankOfSimba.csproj", "{50B04D56-E3AC-459D-9D75-2E9402244560}"
EndProject
Global
	GlobalSection(SolutionConfigurationPlatforms) = preSolution
		Debug|Any CPU = Debug|Any CPU
		Release|Any CPU = Release|Any CPU
	EndGlobalSection
	GlobalSection(ProjectConfigurationPlatforms) = postSolution
		{50B04D56-E3AC-459D-9D75-2E9402244560}.Debug|Any CPU.ActiveCfg = Debug|Any CPU
		{50B04D56-E3AC-459D-9D75-2E9402244560}.Debug|Any CPU.Build.0 = Debug|Any CPU
		{50B04D56-E3AC-459D-9D75-2E9402244560}.Release|Any CPU.ActiveCfg = Release|Any CPU
		{50B04D56-E3AC-459D-9D75-2E9402244560}.Release|Any CPU.Build.0 = Release|Any CPU
	EndGlobalSection
	GlobalSection(SolutionProperties) = preSolution
		HideSolutionNode = FALSE
	EndGlobalSection
	GlobalSection(ExtensibilityGlobals) = postSolution
		SolutionGuid = {1BA8DDC3-453D-41BA-BA1F-D456635E5379}
	EndGlobalSection
EndGlobal
